
Microsoft Visual Studio Solution File, Format Version 12.00
# Visual Studio Version 16
VisualStudioVersion = 16.0.30128.74
MinimumVisualStudioVersion = 10.0.40219.1
Project("{FAE04EC0-301F-11D3-BF4B-00C04F79EFBC}") = "CRUD", "CRUD\CRUD.csproj", "{0F38BCC1-625A-45D8-8FA7-E0BE606DE82E}"
EndProject
Project("{FAE04EC0-301F-11D3-BF4B-00C04F79EFBC}") = "CRUD.DataLayer", "CRUD.DataLayer\CRUD.DataLayer.csproj", "{91BEF9C9-A0B0-477C-A253-BA15D009F640}"
EndProject
Project("{FAE04EC0-301F-11D3-BF4B-00C04F79EFBC}") = "CRUD.BusinessLayer", "CRUD.BusinessLayer\CRUD.BusinessLayer.csproj", "{BAAF9A2D-E0E8-439C-96CA-7B356685CECB}"
EndProject
Global
	GlobalSection(SolutionConfigurationPlatforms) = preSolution
		Debug|Any CPU = Debug|Any CPU
		Release|Any CPU = Release|Any CPU
	EndGlobalSection
	GlobalSection(ProjectConfigurationPlatforms) = postSolution
		{0F38BCC1-625A-45D8-8FA7-E0BE606DE82E}.Debug|Any CPU.ActiveCfg = Debug|Any CPU
		{0F38BCC1-625A-45D8-8FA7-E0BE606DE82E}.Debug|Any CPU.Build.0 = Debug|Any CPU
		{0F38BCC1-625A-45D8-8FA7-E0BE606DE82E}.Release|Any CPU.ActiveCfg = Release|Any CPU
		{0F38BCC1-625A-45D8-8FA7-E0BE606DE82E}.Release|Any CPU.Build.0 = Release|Any CPU
		{91BEF9C9-A0B0-477C-A253-BA15D009F640}.Debug|Any CPU.ActiveCfg = Debug|Any CPU
		{91BEF9C9-A0B0-477C-A253-BA15D009F640}.Debug|Any CPU.Build.0 = Debug|Any CPU
		{91BEF9C9-A0B0-477C-A253-BA15D009F640}.Release|Any CPU.ActiveCfg = Release|Any CPU
		{91BEF9C9-A0B0-477C-A253-BA15D009F640}.Release|Any CPU.Build.0 = Release|Any CPU
		{BAAF9A2D-E0E8-439C-96CA-7B356685CECB}.Debug|Any CPU.ActiveCfg = Debug|Any CPU
		{BAAF9A2D-E0E8-439C-96CA-7B356685CECB}.Debug|Any CPU.Build.0 = Debug|Any CPU
		{BAAF9A2D-E0E8-439C-96CA-7B356685CECB}.Release|Any CPU.ActiveCfg = Release|Any CPU
		{BAAF9A2D-E0E8-439C-96CA-7B356685CECB}.Release|Any CPU.Build.0 = Release|Any CPU
	EndGlobalSection
	GlobalSection(SolutionProperties) = preSolution
		HideSolutionNode = FALSE
	EndGlobalSection
	GlobalSection(ExtensibilityGlobals) = postSolution
		SolutionGuid = {E70D03DD-2B00-4B67-B97E-DC85877DCCEE}
	EndGlobalSection
EndGlobal
